
Microsoft Visual Studio Solution File, Format Version 11.00
# Visual Studio 2010
Project("{FAE04EC0-301F-11D3-BF4B-00C04F79EFBC}") = "Assembly-CSharp-firstpass", "Assembly-CSharp-firstpass.csproj", "{88A02163-8606-1EC8-C251-A07C656F3624}"
EndProject
Project("{FAE04EC0-301F-11D3-BF4B-00C04F79EFBC}") = "Assembly-CSharp", "Assembly-CSharp.csproj", "{325C89AA-4604-5EFF-51EC-03414955616E}"
EndProject
Project("{FAE04EC0-301F-11D3-BF4B-00C04F79EFBC}") = "Assembly-CSharp-Editor-firstpass", "Assembly-CSharp-Editor-firstpass.csproj", "{D964B2F2-61A4-0666-D22D-F55A961195E6}"
EndProject
Global
	GlobalSection(SolutionConfigurationPlatforms) = preSolution
		Debug|Any CPU = Debug|Any CPU
		Release|Any CPU = Release|Any CPU
	EndGlobalSection
	GlobalSection(ProjectConfigurationPlatforms) = postSolution
		{88A02163-8606-1EC8-C251-A07C656F3624}.Debug|Any CPU.ActiveCfg = Debug|Any CPU
		{88A02163-8606-1EC8-C251-A07C656F3624}.Debug|Any CPU.Build.0 = Debug|Any CPU
		{88A02163-8606-1EC8-C251-A07C656F3624}.Release|Any CPU.ActiveCfg = Release|Any CPU
		{88A02163-8606-1EC8-C251-A07C656F3624}.Release|Any CPU.Build.0 = Release|Any CPU
		{325C89AA-4604-5EFF-51EC-03414955616E}.Debug|Any CPU.ActiveCfg = Debug|Any CPU
		{325C89AA-4604-5EFF-51EC-03414955616E}.Debug|Any CPU.Build.0 = Debug|Any CPU
		{325C89AA-4604-5EFF-51EC-03414955616E}.Release|Any CPU.ActiveCfg = Release|Any CPU
		{325C89AA-4604-5EFF-51EC-03414955616E}.Release|Any CPU.Build.0 = Release|Any CPU
		{D964B2F2-61A4-0666-D22D-F55A961195E6}.Debug|Any CPU.ActiveCfg = Debug|Any CPU
		{D964B2F2-61A4-0666-D22D-F55A961195E6}.Debug|Any CPU.Build.0 = Debug|Any CPU
		{D964B2F2-61A4-0666-D22D-F55A961195E6}.Release|Any CPU.ActiveCfg = Release|Any CPU
		{D964B2F2-61A4-0666-D22D-F55A961195E6}.Release|Any CPU.Build.0 = Release|Any CPU
	EndGlobalSection
	GlobalSection(SolutionProperties) = preSolution
		HideSolutionNode = FALSE
	EndGlobalSection
	GlobalSection(MonoDevelopProperties) = preSolution
		StartupItem = Assembly-CSharp.csproj
	EndGlobalSection
EndGlobal
